{
  "nodes": {
    "clvk-src": {
      "flake": false,
      "locked": {
        "lastModified": 1739707162,
        "narHash": "sha256-YuNPClicCrVlGx6F4LymCw/rfLtOVCX3FsY26tQ1sAg=",
        "ref": "refs/heads/main",
        "rev": "e0630327e3fda63dd5274376e95a9a48a3c9e3e6",
        "revCount": 722,
        "submodules": true,
        "type": "git",
        "url": "https://github.com/kpet/clvk.git"
      },
      "original": {
        "submodules": true,
        "type": "git",
        "url": "https://github.com/kpet/clvk.git"
      }
    },
    "devDocs-flake": {
      "inputs": {
        "nixpkgs": "nixpkgs",
        "utils": "utils"
      },
      "locked": {
        "path": "./pkgs/devDocs",
        "type": "path"
      },
      "original": {
        "path": "./pkgs/devDocs",
        "type": "path"
      },
      "parent": []
    },
    "flake-utils": {
      "inputs": {
        "systems": "systems_2"
      },
      "locked": {
        "lastModified": 1731533236,
        "narHash": "sha256-l0KFg5HjrsfsO/JpG+r7fRrqm12kzFHyUHqHCVpMMbI=",
        "owner": "numtide",
        "repo": "flake-utils",
        "rev": "11707dc2f618dd54ca8739b309ec4fc024de578b",
        "type": "github"
      },
      "original": {
        "owner": "numtide",
        "repo": "flake-utils",
        "type": "github"
      }
    },
    "flake-utils_2": {
      "inputs": {
        "systems": "systems_5"
      },
      "locked": {
        "lastModified": 1731533236,
        "narHash": "sha256-l0KFg5HjrsfsO/JpG+r7fRrqm12kzFHyUHqHCVpMMbI=",
        "owner": "numtide",
        "repo": "flake-utils",
        "rev": "11707dc2f618dd54ca8739b309ec4fc024de578b",
        "type": "github"
      },
      "original": {
        "owner": "numtide",
        "repo": "flake-utils",
        "type": "github"
      }
    },
    "home-manager": {
      "inputs": {
        "nixpkgs": [
          "nixpkgs"
        ]
      },
      "locked": {
        "lastModified": 1765337252,
        "narHash": "sha256-HuWQp8fM25fyWflbuunQkQI62Hg0ecJxWD52FAgmxqY=",
        "owner": "nix-community",
        "repo": "home-manager",
        "rev": "13cc1efd78b943b98c08d74c9060a5b59bf86921",
        "type": "github"
      },
      "original": {
        "owner": "nix-community",
        "ref": "master",
        "repo": "home-manager",
        "type": "github"
      }
    },
    "hyprland-qt-support": {
      "inputs": {
        "hyprlang": "hyprlang",
        "nixpkgs": [
          "hyprpolkitagent",
          "nixpkgs"
        ],
        "systems": [
          "hyprpolkitagent",
          "systems"
        ]
      },
      "locked": {
        "lastModified": 1749154592,
        "narHash": "sha256-DO7z5CeT/ddSGDEnK9mAXm1qlGL47L3VAHLlLXoCjhE=",
        "owner": "hyprwm",
        "repo": "hyprland-qt-support",
        "rev": "4c8053c3c888138a30c3a6c45c2e45f5484f2074",
        "type": "github"
      },
      "original": {
        "owner": "hyprwm",
        "repo": "hyprland-qt-support",
        "type": "github"
      }
    },
    "hyprlang": {
      "inputs": {
        "hyprutils": "hyprutils",
        "nixpkgs": [
          "hyprpolkitagent",
          "hyprland-qt-support",
          "nixpkgs"
        ],
        "systems": [
          "hyprpolkitagent",
          "hyprland-qt-support",
          "systems"
        ]
      },
      "locked": {
        "lastModified": 1749145882,
        "narHash": "sha256-qr0KXeczF8Sma3Ae7+dR2NHhvG7YeLBJv19W4oMu6ZE=",
        "owner": "hyprwm",
        "repo": "hyprlang",
        "rev": "1bfb84f54d50c7ae6558c794d3cfd5f6a7e6e676",
        "type": "github"
      },
      "original": {
        "owner": "hyprwm",
        "repo": "hyprlang",
        "type": "github"
      }
    },
    "hyprpolkitagent": {
      "inputs": {
        "hyprland-qt-support": "hyprland-qt-support",
        "hyprutils": "hyprutils_2",
        "nixpkgs": "nixpkgs_2",
        "systems": "systems_3"
      },
      "locked": {
        "lastModified": 1753969989,
        "narHash": "sha256-39xQ6iitVz9KVJz6PPRR+pkS5hBogq25BDd24eUDOQg=",
        "owner": "hyprwm",
        "repo": "hyprpolkitagent",
        "rev": "7e4054410f6d6331b239fea1c659ad6a917fbf6a",
        "type": "github"
      },
      "original": {
        "owner": "hyprwm",
        "repo": "hyprpolkitagent",
        "type": "github"
      }
    },
    "hyprutils": {
      "inputs": {
        "nixpkgs": [
          "hyprpolkitagent",
          "hyprland-qt-support",
          "hyprlang",
          "nixpkgs"
        ],
        "systems": [
          "hyprpolkitagent",
          "hyprland-qt-support",
          "hyprlang",
          "systems"
        ]
      },
      "locked": {
        "lastModified": 1749135356,
        "narHash": "sha256-Q8mAKMDsFbCEuq7zoSlcTuxgbIBVhfIYpX0RjE32PS0=",
        "owner": "hyprwm",
        "repo": "hyprutils",
        "rev": "e36db00dfb3a3d3fdcc4069cb292ff60d2699ccb",
        "type": "github"
      },
      "original": {
        "owner": "hyprwm",
        "repo": "hyprutils",
        "type": "github"
      }
    },
    "hyprutils_2": {
      "inputs": {
        "nixpkgs": [
          "hyprpolkitagent",
          "nixpkgs"
        ],
        "systems": [
          "hyprpolkitagent",
          "systems"
        ]
      },
      "locked": {
        "lastModified": 1749135356,
        "narHash": "sha256-Q8mAKMDsFbCEuq7zoSlcTuxgbIBVhfIYpX0RjE32PS0=",
        "owner": "hyprwm",
        "repo": "hyprutils",
        "rev": "e36db00dfb3a3d3fdcc4069cb292ff60d2699ccb",
        "type": "github"
      },
      "original": {
        "owner": "hyprwm",
        "repo": "hyprutils",
        "type": "github"
      }
    },
    "mesa-src": {
      "flake": false,
      "locked": {
        "lastModified": 1740292183,
        "narHash": "sha256-53GnYe/l490WpyFcZJDJ8YDVlSlDZqNF7eAJ7oo+ng8=",
        "ref": "refs/heads/main",
        "rev": "ed4e2fac86ef18440c939c9439298aee838f3a8e",
        "revCount": 202196,
        "type": "git",
        "url": "https://gitlab.freedesktop.org/mesa/mesa.git"
      },
      "original": {
        "type": "git",
        "url": "https://gitlab.freedesktop.org/mesa/mesa.git"
      }
    },
    "nixGL": {
      "inputs": {
        "flake-utils": [
          "flake-utils"
        ],
        "nixpkgs": [
          "nixpkgs"
        ]
      },
      "locked": {
        "lastModified": 1762090880,
        "narHash": "sha256-fbRQzIGPkjZa83MowjbD2ALaJf9y6KMDdJBQMKFeY/8=",
        "owner": "nix-community",
        "repo": "nixGL",
        "rev": "b6105297e6f0cd041670c3e8628394d4ee247ed5",
        "type": "github"
      },
      "original": {
        "owner": "nix-community",
        "repo": "nixGL",
        "type": "github"
      }
    },
    "nixos-opencl": {
      "inputs": {
        "clvk-src": "clvk-src",
        "mesa-src": "mesa-src",
        "nixpkgs": "nixpkgs_3",
        "pocl-src": "pocl-src",
        "shady-src": "shady-src",
        "zig-src": "zig-src"
      },
      "locked": {
        "path": "./pkgs/nixos-opencl",
        "type": "path"
      },
      "original": {
        "path": "./pkgs/nixos-opencl",
        "type": "path"
      },
      "parent": []
    },
    "nixpkgs": {
      "locked": {
        "lastModified": 1768564909,
        "narHash": "sha256-Kell/SpJYVkHWMvnhqJz/8DqQg2b6PguxVWOuadbHCc=",
        "owner": "nixos",
        "repo": "nixpkgs",
        "rev": "e4bae1bd10c9c57b2cf517953ab70060a828ee6f",
        "type": "github"
      },
      "original": {
        "owner": "nixos",
        "ref": "nixos-unstable",
        "repo": "nixpkgs",
        "type": "github"
      }
    },
    "nixpkgs_2": {
      "locked": {
        "lastModified": 1748929857,
        "narHash": "sha256-lcZQ8RhsmhsK8u7LIFsJhsLh/pzR9yZ8yqpTzyGdj+Q=",
        "owner": "NixOS",
        "repo": "nixpkgs",
        "rev": "c2a03962b8e24e669fb37b7df10e7c79531ff1a4",
        "type": "github"
      },
      "original": {
        "owner": "NixOS",
        "ref": "nixos-unstable",
        "repo": "nixpkgs",
        "type": "github"
      }
    },
    "nixpkgs_3": {
      "locked": {
        "lastModified": 1740162160,
        "narHash": "sha256-SSYxFhqCOb3aiPb6MmN68yEzBIltfom8IgRz7phHscM=",
        "owner": "nixos",
        "repo": "nixpkgs",
        "rev": "11415c7ae8539d6292f2928317ee7a8410b28bb9",
        "type": "github"
      },
      "original": {
        "owner": "nixos",
        "ref": "nixos-24.11",
        "repo": "nixpkgs",
        "type": "github"
      }
    },
    "nixpkgs_4": {
      "locked": {
        "lastModified": 1765186076,
        "narHash": "sha256-hM20uyap1a0M9d344I692r+ik4gTMyj60cQWO+hAYP8=",
        "owner": "nixos",
        "repo": "nixpkgs",
        "rev": "addf7cf5f383a3101ecfba091b98d0a1263dc9b8",
        "type": "github"
      },
      "original": {
        "owner": "nixos",
        "ref": "nixos-unstable",
        "repo": "nixpkgs",
        "type": "github"
      }
    },
    "nixpkgs_5": {
      "locked": {
        "lastModified": 1765186076,
        "narHash": "sha256-hM20uyap1a0M9d344I692r+ik4gTMyj60cQWO+hAYP8=",
        "owner": "NixOS",
        "repo": "nixpkgs",
        "rev": "addf7cf5f383a3101ecfba091b98d0a1263dc9b8",
        "type": "github"
      },
      "original": {
        "owner": "NixOS",
        "ref": "nixos-unstable",
        "repo": "nixpkgs",
        "type": "github"
      }
    },
    "pocl-src": {
      "flake": false,
      "locked": {
        "lastModified": 1740048976,
        "narHash": "sha256-A+Ex8hqO5QVODhLZQ6YnRJfdE67fxVRS1y/ONxeLQt8=",
        "owner": "pocl",
        "repo": "pocl",
        "rev": "3b6e5c4b47187d8a954194d673a47e6721e45719",
        "type": "github"
      },
      "original": {
        "owner": "pocl",
        "repo": "pocl",
        "type": "github"
      }
    },
    "quickshell": {
      "inputs": {
        "nixpkgs": [
          "nixpkgs"
        ]
      },
      "locked": {
        "lastModified": 1766725085,
        "narHash": "sha256-O2aMFdDUYJazFrlwL7aSIHbUSEm3ADVZjmf41uBJfHs=",
        "ref": "refs/heads/master",
        "rev": "41828c4180fb921df7992a5405f5ff05d2ac2fff",
        "revCount": 715,
        "type": "git",
        "url": "https://git.outfoxxed.me/outfoxxed/quickshell"
      },
      "original": {
        "type": "git",
        "url": "https://git.outfoxxed.me/outfoxxed/quickshell"
      }
    },
    "root": {
      "inputs": {
        "devDocs-flake": "devDocs-flake",
        "flake-utils": "flake-utils",
        "home-manager": "home-manager",
        "hyprpolkitagent": "hyprpolkitagent",
        "nixGL": "nixGL",
        "nixos-opencl": "nixos-opencl",
        "nixpkgs": "nixpkgs_4",
        "quickshell": "quickshell",
        "systems": "systems_4",
        "yt-dlp-src": "yt-dlp-src"
      }
    },
    "shady-src": {
      "flake": false,
      "locked": {
        "lastModified": 1739960980,
        "narHash": "sha256-gsUkn4QAQ1K158N4ovmpFsTqLpb5fOuOQvKC4O7XRi0=",
        "ref": "refs/heads/main",
        "rev": "9bf761f5a7df3d9a63ee99cdf686e2f559fd8638",
        "revCount": 2446,
        "submodules": true,
        "type": "git",
        "url": "https://github.com/shady-gang/shady.git"
      },
      "original": {
        "submodules": true,
        "type": "git",
        "url": "https://github.com/shady-gang/shady.git"
      }
    },
    "systems": {
      "locked": {
        "lastModified": 1681028828,
        "narHash": "sha256-Vy1rq5AaRuLzOxct8nz4T6wlgyUR7zLU309k9mBC768=",
        "owner": "nix-systems",
        "repo": "default",
        "rev": "da67096a3b9bf56a91d16901293e51ba5b49a27e",
        "type": "github"
      },
      "original": {
        "owner": "nix-systems",
        "repo": "default",
        "type": "github"
      }
    },
    "systems_2": {
      "locked": {
        "lastModified": 1681028828,
        "narHash": "sha256-Vy1rq5AaRuLzOxct8nz4T6wlgyUR7zLU309k9mBC768=",
        "owner": "nix-systems",
        "repo": "default",
        "rev": "da67096a3b9bf56a91d16901293e51ba5b49a27e",
        "type": "github"
      },
      "original": {
        "owner": "nix-systems",
        "repo": "default",
        "type": "github"
      }
    },
    "systems_3": {
      "locked": {
        "lastModified": 1689347949,
        "narHash": "sha256-12tWmuL2zgBgZkdoB6qXZsgJEH9LR3oUgpaQq2RbI80=",
        "owner": "nix-systems",
        "repo": "default-linux",
        "rev": "31732fcf5e8fea42e59c2488ad31a0e651500f68",
        "type": "github"
      },
      "original": {
        "owner": "nix-systems",
        "repo": "default-linux",
        "type": "github"
      }
    },
    "systems_4": {
      "locked": {
        "lastModified": 1689347949,
        "narHash": "sha256-12tWmuL2zgBgZkdoB6qXZsgJEH9LR3oUgpaQq2RbI80=",
        "owner": "nix-systems",
        "repo": "default-linux",
        "rev": "31732fcf5e8fea42e59c2488ad31a0e651500f68",
        "type": "github"
      },
      "original": {
        "owner": "nix-systems",
        "repo": "default-linux",
        "type": "github"
      }
    },
    "systems_5": {
      "locked": {
        "lastModified": 1681028828,
        "narHash": "sha256-Vy1rq5AaRuLzOxct8nz4T6wlgyUR7zLU309k9mBC768=",
        "owner": "nix-systems",
        "repo": "default",
        "rev": "da67096a3b9bf56a91d16901293e51ba5b49a27e",
        "type": "github"
      },
      "original": {
        "owner": "nix-systems",
        "repo": "default",
        "type": "github"
      }
    },
    "utils": {
      "inputs": {
        "systems": "systems"
      },
      "locked": {
        "lastModified": 1731533236,
        "narHash": "sha256-l0KFg5HjrsfsO/JpG+r7fRrqm12kzFHyUHqHCVpMMbI=",
        "owner": "numtide",
        "repo": "flake-utils",
        "rev": "11707dc2f618dd54ca8739b309ec4fc024de578b",
        "type": "github"
      },
      "original": {
        "owner": "numtide",
        "repo": "flake-utils",
        "type": "github"
      }
    },
    "yt-dlp-src": {
      "inputs": {
        "flake-utils": "flake-utils_2",
        "nixpkgs": "nixpkgs_5",
        "yt-dlp-src": "yt-dlp-src_2"
      },
      "locked": {
        "path": "./pkgs/yt-dlp",
        "type": "path"
      },
      "original": {
        "path": "./pkgs/yt-dlp",
        "type": "path"
      },
      "parent": []
    },
    "yt-dlp-src_2": {
      "flake": false,
      "locked": {
        "lastModified": 1765307112,
        "narHash": "sha256-nVGmocwyjKlZDI1hWiZw52ksc2qcg9InDGJMi/5OI5k=",
        "owner": "yt-dlp",
        "repo": "yt-dlp",
        "rev": "5f37f67d37b54bf9bd6fe7fa3083492d42f7a20a",
        "type": "github"
      },
      "original": {
        "owner": "yt-dlp",
        "repo": "yt-dlp",
        "type": "github"
      }
    },
    "zig-src": {
      "flake": false,
      "locked": {
        "lastModified": 1740309935,
        "narHash": "sha256-tDhmNZ2KSmaI3tutMm7pGgSN4qWBKwDq+mI7aalKq9s=",
        "ref": "refs/heads/master",
        "rev": "c44f4501e79744a2744f7e0c72ff71cdbcb62440",
        "revCount": 32831,
        "type": "git",
        "url": "https://github.com/ziglang/zig"
      },
      "original": {
        "type": "git",
        "url": "https://github.com/ziglang/zig"
      }
    }
  },
  "root": "root",
  "version": 7
}
