{
  "nodes": {
    "clvk-src": {
      "flake": false,
      "locked": {
        "lastModified": 1739707162,
        "narHash": "sha256-YuNPClicCrVlGx6F4LymCw/rfLtOVCX3FsY26tQ1sAg=",
        "ref": "refs/heads/main",
        "rev": "e0630327e3fda63dd5274376e95a9a48a3c9e3e6",
        "revCount": 722,
        "submodules": true,
        "type": "git",
        "url": "https://github.com/kpet/clvk.git"
      },
      "original": {
        "submodules": true,
        "type": "git",
        "url": "https://github.com/kpet/clvk.git"
      }
    },
    "mesa-src": {
      "flake": false,
      "locked": {
        "lastModified": 1740292183,
        "narHash": "sha256-53GnYe/l490WpyFcZJDJ8YDVlSlDZqNF7eAJ7oo+ng8=",
        "ref": "refs/heads/main",
        "rev": "ed4e2fac86ef18440c939c9439298aee838f3a8e",
        "revCount": 202196,
        "type": "git",
        "url": "https://gitlab.freedesktop.org/mesa/mesa.git"
      },
      "original": {
        "type": "git",
        "url": "https://gitlab.freedesktop.org/mesa/mesa.git"
      }
    },
    "nixpkgs": {
      "locked": {
        "lastModified": 1740162160,
        "narHash": "sha256-SSYxFhqCOb3aiPb6MmN68yEzBIltfom8IgRz7phHscM=",
        "owner": "nixos",
        "repo": "nixpkgs",
        "rev": "11415c7ae8539d6292f2928317ee7a8410b28bb9",
        "type": "github"
      },
      "original": {
        "owner": "nixos",
        "ref": "nixos-24.11",
        "repo": "nixpkgs",
        "type": "github"
      }
    },
    "pocl-src": {
      "flake": false,
      "locked": {
        "lastModified": 1740048976,
        "narHash": "sha256-A+Ex8hqO5QVODhLZQ6YnRJfdE67fxVRS1y/ONxeLQt8=",
        "owner": "pocl",
        "repo": "pocl",
        "rev": "3b6e5c4b47187d8a954194d673a47e6721e45719",
        "type": "github"
      },
      "original": {
        "owner": "pocl",
        "repo": "pocl",
        "type": "github"
      }
    },
    "root": {
      "inputs": {
        "clvk-src": "clvk-src",
        "mesa-src": "mesa-src",
        "nixpkgs": "nixpkgs",
        "pocl-src": "pocl-src",
        "shady-src": "shady-src",
        "zig-src": "zig-src"
      }
    },
    "shady-src": {
      "flake": false,
      "locked": {
        "lastModified": 1739960980,
        "narHash": "sha256-gsUkn4QAQ1K158N4ovmpFsTqLpb5fOuOQvKC4O7XRi0=",
        "ref": "refs/heads/main",
        "rev": "9bf761f5a7df3d9a63ee99cdf686e2f559fd8638",
        "revCount": 2446,
        "submodules": true,
        "type": "git",
        "url": "https://github.com/shady-gang/shady.git"
      },
      "original": {
        "submodules": true,
        "type": "git",
        "url": "https://github.com/shady-gang/shady.git"
      }
    },
    "zig-src": {
      "flake": false,
      "locked": {
        "lastModified": 1740309935,
        "narHash": "sha256-tDhmNZ2KSmaI3tutMm7pGgSN4qWBKwDq+mI7aalKq9s=",
        "ref": "refs/heads/master",
        "rev": "c44f4501e79744a2744f7e0c72ff71cdbcb62440",
        "revCount": 32831,
        "type": "git",
        "url": "https://github.com/ziglang/zig"
      },
      "original": {
        "type": "git",
        "url": "https://github.com/ziglang/zig"
      }
    }
  },
  "root": "root",
  "version": 7
}
